// !$*UTF8*$!
{
	archiveVersion = 1;
	classes = {
	};
	objectVersion = 77;
	objects = {

/* Begin PBXBuildFile section */
		4F053B8D2F087BAD00320FAC /* ManagedSettings.framework in Frameworks */ = {isa = PBXBuildFile; fileRef = 4F053B8C2F087BAD00320FAC /* ManagedSettings.framework */; };
		4F053B8F2F087BAD00320FAC /* ManagedSettingsUI.framework in Frameworks */ = {isa = PBXBuildFile; fileRef = 4F053B8E2F087BAD00320FAC /* ManagedSettingsUI.framework */; };
		4F053B9F2F08A07000320FAC /* SuperwallKit in Frameworks */ = {isa = PBXBuildFile; productRef = 4F053B9E2F08A07000320FAC /* SuperwallKit */; };
		4F220BFD2F0473D8007138EF /* FirebaseAnalytics in Frameworks */ = {isa = PBXBuildFile; productRef = 4F220BFC2F0473D8007138EF /* FirebaseAnalytics */; };
		4F220BFF2F0473D8007138EF /* FirebaseAuth in Frameworks */ = {isa = PBXBuildFile; productRef = 4F220BFE2F0473D8007138EF /* FirebaseAuth */; };
		4F220C032F0473D8007138EF /* FirebaseDatabase in Frameworks */ = {isa = PBXBuildFile; productRef = 4F220C022F0473D8007138EF /* FirebaseDatabase */; };
		4F220C052F0473D8007138EF /* FirebaseFirestore in Frameworks */ = {isa = PBXBuildFile; productRef = 4F220C042F0473D8007138EF /* FirebaseFirestore */; };
		4F220C072F0473D8007138EF /* FirebaseInAppMessaging-Beta in Frameworks */ = {isa = PBXBuildFile; productRef = 4F220C062F0473D8007138EF /* FirebaseInAppMessaging-Beta */; };
		4F220C092F0473D8007138EF /* FirebaseMessaging in Frameworks */ = {isa = PBXBuildFile; productRef = 4F220C082F0473D8007138EF /* FirebaseMessaging */; };
		4F220C122F048ADE007138EF /* GoogleSignIn in Frameworks */ = {isa = PBXBuildFile; productRef = 4F220C112F048ADE007138EF /* GoogleSignIn */; };
		4FD718FE2F0E0A8A007E22F3 /* DeviceActivity.framework in Frameworks */ = {isa = PBXBuildFile; fileRef = 4FEB027D2F0DD3A20086A923 /* DeviceActivity.framework */; };
		4FD719062F0E0A8A007E22F3 /* DeviceActivityMonitorExtension.appex in CopyFiles */ = {isa = PBXBuildFile; fileRef = 4FD718FD2F0E0A89007E22F3 /* DeviceActivityMonitorExtension.appex */; settings = {ATTRIBUTES = (CodeSignOnCopy, RemoveHeadersOnCopy, ); }; };
		4FD7190C2F0E0AD5007E22F3 /* FamilyControls.framework in Frameworks */ = {isa = PBXBuildFile; fileRef = 4FEB028C2F0DE58A0086A923 /* FamilyControls.framework */; };
		4FD7190D2F0E0AE1007E22F3 /* ManagedSettings.framework in Frameworks */ = {isa = PBXBuildFile; fileRef = 4F053B8C2F087BAD00320FAC /* ManagedSettings.framework */; };
		4FD7190E2F0E0AE1007E22F3 /* ManagedSettingsUI.framework in Frameworks */ = {isa = PBXBuildFile; fileRef = 4F053B8E2F087BAD00320FAC /* ManagedSettingsUI.framework */; };
		4FEB02762F0C9A880086A923 /* PostHog in Frameworks */ = {isa = PBXBuildFile; productRef = 4FEB02752F0C9A880086A923 /* PostHog */; };
		4FEB02922F0DF1330086A923 /* ShieldConfigurationExtension.appex in CopyFiles */ = {isa = PBXBuildFile; fileRef = 4F053B8A2F087BAD00320FAC /* ShieldConfigurationExtension.appex */; settings = {ATTRIBUTES = (CodeSignOnCopy, RemoveHeadersOnCopy, ); }; };
/* End PBXBuildFile section */

/* Begin PBXContainerItemProxy section */
		4F053B952F087BAD00320FAC /* PBXContainerItemProxy */ = {
			isa = PBXContainerItemProxy;
			containerPortal = 4F2209FD2F034143007138EF /* Project object */;
			proxyType = 1;
			remoteGlobalIDString = 4F053B892F087BAD00320FAC;
			remoteInfo = ShieldConfigurationExtension;
		};
		4F220A162F034144007138EF /* PBXContainerItemProxy */ = {
			isa = PBXContainerItemProxy;
			containerPortal = 4F2209FD2F034143007138EF /* Project object */;
			proxyType = 1;
			remoteGlobalIDString = 4F220A042F034143007138EF;
			remoteInfo = "screentime-workout";
		};
		4F220A202F034144007138EF /* PBXContainerItemProxy */ = {
			isa = PBXContainerItemProxy;
			containerPortal = 4F2209FD2F034143007138EF /* Project object */;
			proxyType = 1;
			remoteGlobalIDString = 4F220A042F034143007138EF;
			remoteInfo = "screentime-workout";
		};
		4FD719042F0E0A8A007E22F3 /* PBXContainerItemProxy */ = {
			isa = PBXContainerItemProxy;
			containerPortal = 4F2209FD2F034143007138EF /* Project object */;
			proxyType = 1;
			remoteGlobalIDString = 4FD718FC2F0E0A89007E22F3;
			remoteInfo = DeviceActivityMonitorExtension;
		};
/* End PBXContainerItemProxy section */

/* Begin PBXCopyFilesBuildPhase section */
		4FEB028E2F0DEF050086A923 /* CopyFiles */ = {
			isa = PBXCopyFilesBuildPhase;
			buildActionMask = 2147483647;
			dstPath = "";
			dstSubfolderSpec = 13;
			files = (
				4FD719062F0E0A8A007E22F3 /* DeviceActivityMonitorExtension.appex in CopyFiles */,
				4FEB02922F0DF1330086A923 /* ShieldConfigurationExtension.appex in CopyFiles */,
			);
			runOnlyForDeploymentPostprocessing = 0;
		};
/* End PBXCopyFilesBuildPhase section */

/* Begin PBXFileReference section */
		4F053B8A2F087BAD00320FAC /* ShieldConfigurationExtension.appex */ = {isa = PBXFileReference; explicitFileType = "wrapper.app-extension"; includeInIndex = 0; path = ShieldConfigurationExtension.appex; sourceTree = BUILT_PRODUCTS_DIR; };
		4F053B8C2F087BAD00320FAC /* ManagedSettings.framework */ = {isa = PBXFileReference; lastKnownFileType = wrapper.framework; name = ManagedSettings.framework; path = System/Library/Frameworks/ManagedSettings.framework; sourceTree = SDKROOT; };
		4F053B8E2F087BAD00320FAC /* ManagedSettingsUI.framework */ = {isa = PBXFileReference; lastKnownFileType = wrapper.framework; name = ManagedSettingsUI.framework; path = System/Library/Frameworks/ManagedSettingsUI.framework; sourceTree = SDKROOT; };
		4F220A052F034143007138EF /* screentime-workout.app */ = {isa = PBXFileReference; explicitFileType = wrapper.application; includeInIndex = 0; path = "screentime-workout.app"; sourceTree = BUILT_PRODUCTS_DIR; };
		4F220A152F034144007138EF /* screentime-workoutTests.xctest */ = {isa = PBXFileReference; explicitFileType = wrapper.cfbundle; includeInIndex = 0; path = "screentime-workoutTests.xctest"; sourceTree = BUILT_PRODUCTS_DIR; };
		4F220A1F2F034144007138EF /* screentime-workoutUITests.xctest */ = {isa = PBXFileReference; explicitFileType = wrapper.cfbundle; includeInIndex = 0; path = "screentime-workoutUITests.xctest"; sourceTree = BUILT_PRODUCTS_DIR; };
		4FD718FD2F0E0A89007E22F3 /* DeviceActivityMonitorExtension.appex */ = {isa = PBXFileReference; explicitFileType = "wrapper.app-extension"; includeInIndex = 0; path = DeviceActivityMonitorExtension.appex; sourceTree = BUILT_PRODUCTS_DIR; };
		4FEB027D2F0DD3A20086A923 /* DeviceActivity.framework */ = {isa = PBXFileReference; lastKnownFileType = wrapper.framework; name = DeviceActivity.framework; path = System/Library/Frameworks/DeviceActivity.framework; sourceTree = SDKROOT; };
		4FEB028C2F0DE58A0086A923 /* FamilyControls.framework */ = {isa = PBXFileReference; lastKnownFileType = wrapper.framework; name = FamilyControls.framework; path = System/Library/Frameworks/FamilyControls.framework; sourceTree = SDKROOT; };
/* End PBXFileReference section */

/* Begin PBXFileSystemSynchronizedBuildFileExceptionSet section */
		4F053B9B2F087BAD00320FAC /* Exceptions for "ShieldConfigurationExtension" folder in "ShieldConfigurationExtension" target */ = {
			isa = PBXFileSystemSynchronizedBuildFileExceptionSet;
			membershipExceptions = (
				Info.plist,
			);
			target = 4F053B892F087BAD00320FAC /* ShieldConfigurationExtension */;
		};
		4F220C182F048BCC007138EF /* Exceptions for "screentime-workout" folder in "screentime-workout" target */ = {
			isa = PBXFileSystemSynchronizedBuildFileExceptionSet;
			membershipExceptions = (
				Info.plist,
			);
			target = 4F220A042F034143007138EF /* screentime-workout */;
		};
		4FD7190A2F0E0A8A007E22F3 /* Exceptions for "DeviceActivityMonitorExtension" folder in "DeviceActivityMonitorExtension" target */ = {
			isa = PBXFileSystemSynchronizedBuildFileExceptionSet;
			membershipExceptions = (
				Info.plist,
			);
			target = 4FD718FC2F0E0A89007E22F3 /* DeviceActivityMonitorExtension */;
		};
/* End PBXFileSystemSynchronizedBuildFileExceptionSet section */

/* Begin PBXFileSystemSynchronizedRootGroup section */
		4F053B902F087BAD00320FAC /* ShieldConfigurationExtension */ = {
			isa = PBXFileSystemSynchronizedRootGroup;
			exceptions = (
				4F053B9B2F087BAD00320FAC /* Exceptions for "ShieldConfigurationExtension" folder in "ShieldConfigurationExtension" target */,
			);
			path = ShieldConfigurationExtension;
			sourceTree = "<group>";
		};
		4F220A072F034143007138EF /* screentime-workout */ = {
			isa = PBXFileSystemSynchronizedRootGroup;
			exceptions = (
				4F220C182F048BCC007138EF /* Exceptions for "screentime-workout" folder in "screentime-workout" target */,
			);
			path = "screentime-workout";
			sourceTree = "<group>";
		};
		4F220A182F034144007138EF /* screentime-workoutTests */ = {
			isa = PBXFileSystemSynchronizedRootGroup;
			path = "screentime-workoutTests";
			sourceTree = "<group>";
		};
		4F220A222F034144007138EF /* screentime-workoutUITests */ = {
			isa = PBXFileSystemSynchronizedRootGroup;
			path = "screentime-workoutUITests";
			sourceTree = "<group>";
		};
		4FD718FF2F0E0A8A007E22F3 /* DeviceActivityMonitorExtension */ = {
			isa = PBXFileSystemSynchronizedRootGroup;
			exceptions = (
				4FD7190A2F0E0A8A007E22F3 /* Exceptions for "DeviceActivityMonitorExtension" folder in "DeviceActivityMonitorExtension" target */,
			);
			path = DeviceActivityMonitorExtension;
			sourceTree = "<group>";
		};
/* End PBXFileSystemSynchronizedRootGroup section */

/* Begin PBXFrameworksBuildPhase section */
		4F053B872F087BAD00320FAC /* Frameworks */ = {
			isa = PBXFrameworksBuildPhase;
			buildActionMask = 2147483647;
			files = (
				4F053B8D2F087BAD00320FAC /* ManagedSettings.framework in Frameworks */,
				4F053B8F2F087BAD00320FAC /* ManagedSettingsUI.framework in Frameworks */,
			);
			runOnlyForDeploymentPostprocessing = 0;
		};
		4F220A022F034143007138EF /* Frameworks */ = {
			isa = PBXFrameworksBuildPhase;
			buildActionMask = 2147483647;
			files = (
				4F220C122F048ADE007138EF /* GoogleSignIn in Frameworks */,
				4F053B9F2F08A07000320FAC /* SuperwallKit in Frameworks */,
				4F220BFD2F0473D8007138EF /* FirebaseAnalytics in Frameworks */,
				4F220C092F0473D8007138EF /* FirebaseMessaging in Frameworks */,
				4F220C032F0473D8007138EF /* FirebaseDatabase in Frameworks */,
				4F220C052F0473D8007138EF /* FirebaseFirestore in Frameworks */,
				4FEB02762F0C9A880086A923 /* PostHog in Frameworks */,
				4F220BFF2F0473D8007138EF /* FirebaseAuth in Frameworks */,
				4F220C072F0473D8007138EF /* FirebaseInAppMessaging-Beta in Frameworks */,
			);
			runOnlyForDeploymentPostprocessing = 0;
		};
		4F220A122F034144007138EF /* Frameworks */ = {
			isa = PBXFrameworksBuildPhase;
			buildActionMask = 2147483647;
			files = (
			);
			runOnlyForDeploymentPostprocessing = 0;
		};
		4F220A1C2F034144007138EF /* Frameworks */ = {
			isa = PBXFrameworksBuildPhase;
			buildActionMask = 2147483647;
			files = (
			);
			runOnlyForDeploymentPostprocessing = 0;
		};
		4FD718FA2F0E0A89007E22F3 /* Frameworks */ = {
			isa = PBXFrameworksBuildPhase;
			buildActionMask = 2147483647;
			files = (
				4FD718FE2F0E0A8A007E22F3 /* DeviceActivity.framework in Frameworks */,
				4FD7190C2F0E0AD5007E22F3 /* FamilyControls.framework in Frameworks */,
				4FD7190E2F0E0AE1007E22F3 /* ManagedSettingsUI.framework in Frameworks */,
				4FD7190D2F0E0AE1007E22F3 /* ManagedSettings.framework in Frameworks */,
			);
			runOnlyForDeploymentPostprocessing = 0;
		};
/* End PBXFrameworksBuildPhase section */

/* Begin PBXGroup section */
		4F053B8B2F087BAD00320FAC /* Frameworks */ = {
			isa = PBXGroup;
			children = (
				4FEB028C2F0DE58A0086A923 /* FamilyControls.framework */,
				4F053B8C2F087BAD00320FAC /* ManagedSettings.framework */,
				4F053B8E2F087BAD00320FAC /* ManagedSettingsUI.framework */,
				4FEB027D2F0DD3A20086A923 /* DeviceActivity.framework */,
			);
			name = Frameworks;
			sourceTree = "<group>";
		};
		4F2209FC2F034143007138EF = {
			isa = PBXGroup;
			children = (
				4F220A072F034143007138EF /* screentime-workout */,
				4F220A182F034144007138EF /* screentime-workoutTests */,
				4F220A222F034144007138EF /* screentime-workoutUITests */,
				4F053B902F087BAD00320FAC /* ShieldConfigurationExtension */,
				4FD718FF2F0E0A8A007E22F3 /* DeviceActivityMonitorExtension */,
				4F053B8B2F087BAD00320FAC /* Frameworks */,
				4F220A062F034143007138EF /* Products */,
			);
			sourceTree = "<group>";
		};
		4F220A062F034143007138EF /* Products */ = {
			isa = PBXGroup;
			children = (
				4F220A052F034143007138EF /* screentime-workout.app */,
				4F220A152F034144007138EF /* screentime-workoutTests.xctest */,
				4F220A1F2F034144007138EF /* screentime-workoutUITests.xctest */,
				4F053B8A2F087BAD00320FAC /* ShieldConfigurationExtension.appex */,
				4FD718FD2F0E0A89007E22F3 /* DeviceActivityMonitorExtension.appex */,
			);
			name = Products;
			sourceTree = "<group>";
		};
/* End PBXGroup section */

/* Begin PBXNativeTarget section */
		4F053B892F087BAD00320FAC /* ShieldConfigurationExtension */ = {
			isa = PBXNativeTarget;
			buildConfigurationList = 4F053B982F087BAD00320FAC /* Build configuration list for PBXNativeTarget "ShieldConfigurationExtension" */;
			buildPhases = (
				4F053B862F087BAD00320FAC /* Sources */,
				4F053B872F087BAD00320FAC /* Frameworks */,
				4F053B882F087BAD00320FAC /* Resources */,
			);
			buildRules = (
			);
			dependencies = (
			);
			fileSystemSynchronizedGroups = (
				4F053B902F087BAD00320FAC /* ShieldConfigurationExtension */,
			);
			name = ShieldConfigurationExtension;
			packageProductDependencies = (
			);
			productName = ShieldConfigurationExtension;
			productReference = 4F053B8A2F087BAD00320FAC /* ShieldConfigurationExtension.appex */;
			productType = "com.apple.product-type.app-extension";
		};
		4F220A042F034143007138EF /* screentime-workout */ = {
			isa = PBXNativeTarget;
			buildConfigurationList = 4F220A292F034144007138EF /* Build configuration list for PBXNativeTarget "screentime-workout" */;
			buildPhases = (
				4F220A012F034143007138EF /* Sources */,
				4F220A022F034143007138EF /* Frameworks */,
				4F220A032F034143007138EF /* Resources */,
				4FEB028E2F0DEF050086A923 /* CopyFiles */,
			);
			buildRules = (
			);
			dependencies = (
				4F053B962F087BAD00320FAC /* PBXTargetDependency */,
				4FD719052F0E0A8A007E22F3 /* PBXTargetDependency */,
			);
			fileSystemSynchronizedGroups = (
				4F220A072F034143007138EF /* screentime-workout */,
			);
			name = "screentime-workout";
			packageProductDependencies = (
				4F220BFC2F0473D8007138EF /* FirebaseAnalytics */,
				4F220BFE2F0473D8007138EF /* FirebaseAuth */,
				4F220C022F0473D8007138EF /* FirebaseDatabase */,
				4F220C042F0473D8007138EF /* FirebaseFirestore */,
				4F220C062F0473D8007138EF /* FirebaseInAppMessaging-Beta */,
				4F220C082F0473D8007138EF /* FirebaseMessaging */,
				4F220C112F048ADE007138EF /* GoogleSignIn */,
				4F053B9E2F08A07000320FAC /* SuperwallKit */,
				4FEB02752F0C9A880086A923 /* PostHog */,
			);
			productName = "screentime-workout";
			productReference = 4F220A052F034143007138EF /* screentime-workout.app */;
			productType = "com.apple.product-type.application";
		};
		4F220A142F034144007138EF /* screentime-workoutTests */ = {
			isa = PBXNativeTarget;
			buildConfigurationList = 4F220A2C2F034144007138EF /* Build configuration list for PBXNativeTarget "screentime-workoutTests" */;
			buildPhases = (
				4F220A112F034144007138EF /* Sources */,
				4F220A122F034144007138EF /* Frameworks */,
				4F220A132F034144007138EF /* Resources */,
			);
			buildRules = (
			);
			dependencies = (
				4F220A172F034144007138EF /* PBXTargetDependency */,
			);
			fileSystemSynchronizedGroups = (
				4F220A182F034144007138EF /* screentime-workoutTests */,
			);
			name = "screentime-workoutTests";
			packageProductDependencies = (
			);
			productName = "screentime-workoutTests";
			productReference = 4F220A152F034144007138EF /* screentime-workoutTests.xctest */;
			productType = "com.apple.product-type.bundle.unit-test";
		};
		4F220A1E2F034144007138EF /* screentime-workoutUITests */ = {
			isa = PBXNativeTarget;
			buildConfigurationList = 4F220A2F2F034144007138EF /* Build configuration list for PBXNativeTarget "screentime-workoutUITests" */;
			buildPhases = (
				4F220A1B2F034144007138EF /* Sources */,
				4F220A1C2F034144007138EF /* Frameworks */,
				4F220A1D2F034144007138EF /* Resources */,
			);
			buildRules = (
			);
			dependencies = (
				4F220A212F034144007138EF /* PBXTargetDependency */,
			);
			fileSystemSynchronizedGroups = (
				4F220A222F034144007138EF /* screentime-workoutUITests */,
			);
			name = "screentime-workoutUITests";
			packageProductDependencies = (
			);
			productName = "screentime-workoutUITests";
			productReference = 4F220A1F2F034144007138EF /* screentime-workoutUITests.xctest */;
			productType = "com.apple.product-type.bundle.ui-testing";
		};
		4FD718FC2F0E0A89007E22F3 /* DeviceActivityMonitorExtension */ = {
			isa = PBXNativeTarget;
			buildConfigurationList = 4FD719072F0E0A8A007E22F3 /* Build configuration list for PBXNativeTarget "DeviceActivityMonitorExtension" */;
			buildPhases = (
				4FD718F92F0E0A89007E22F3 /* Sources */,
				4FD718FA2F0E0A89007E22F3 /* Frameworks */,
				4FD718FB2F0E0A89007E22F3 /* Resources */,
			);
			buildRules = (
			);
			dependencies = (
			);
			fileSystemSynchronizedGroups = (
				4FD718FF2F0E0A8A007E22F3 /* DeviceActivityMonitorExtension */,
			);
			name = DeviceActivityMonitorExtension;
			packageProductDependencies = (
			);
			productName = DeviceActivityMonitorExtension;
			productReference = 4FD718FD2F0E0A89007E22F3 /* DeviceActivityMonitorExtension.appex */;
			productType = "com.apple.product-type.app-extension";
		};
/* End PBXNativeTarget section */

/* Begin PBXProject section */
		4F2209FD2F034143007138EF /* Project object */ = {
			isa = PBXProject;
			attributes = {
				BuildIndependentTargetsInParallel = 1;
				LastSwiftUpdateCheck = 2620;
				LastUpgradeCheck = 2620;
				TargetAttributes = {
					4F053B892F087BAD00320FAC = {
						CreatedOnToolsVersion = 16.2;
					};
					4F220A042F034143007138EF = {
						CreatedOnToolsVersion = 16.2;
					};
					4F220A142F034144007138EF = {
						CreatedOnToolsVersion = 16.2;
						TestTargetID = 4F220A042F034143007138EF;
					};
					4F220A1E2F034144007138EF = {
						CreatedOnToolsVersion = 16.2;
						TestTargetID = 4F220A042F034143007138EF;
					};
					4FD718FC2F0E0A89007E22F3 = {
						CreatedOnToolsVersion = 26.2;
					};
				};
			};
			buildConfigurationList = 4F220A002F034143007138EF /* Build configuration list for PBXProject "screentime-workout" */;
			developmentRegion = en;
			hasScannedForEncodings = 0;
			knownRegions = (
				en,
				Base,
			);
			mainGroup = 4F2209FC2F034143007138EF;
			minimizedProjectReferenceProxies = 1;
			packageReferences = (
				4F220BFB2F046CA4007138EF /* XCRemoteSwiftPackageReference "firebase-ios-sdk" */,
				4F220C102F048ADE007138EF /* XCRemoteSwiftPackageReference "GoogleSignIn-iOS" */,
				4F053B9D2F08A07000320FAC /* XCRemoteSwiftPackageReference "Superwall-iOS" */,
				4FEB02742F0C9A880086A923 /* XCRemoteSwiftPackageReference "posthog-ios" */,
			);
			preferredProjectObjectVersion = 77;
			productRefGroup = 4F220A062F034143007138EF /* Products */;
			projectDirPath = "";
			projectRoot = "";
			targets = (
				4F220A042F034143007138EF /* screentime-workout */,
				4F220A142F034144007138EF /* screentime-workoutTests */,
				4F220A1E2F034144007138EF /* screentime-workoutUITests */,
				4F053B892F087BAD00320FAC /* ShieldConfigurationExtension */,
				4FD718FC2F0E0A89007E22F3 /* DeviceActivityMonitorExtension */,
			);
		};
/* End PBXProject section */

/* Begin PBXResourcesBuildPhase section */
		4F053B882F087BAD00320FAC /* Resources */ = {
			isa = PBXResourcesBuildPhase;
			buildActionMask = 2147483647;
			files = (
			);
			runOnlyForDeploymentPostprocessing = 0;
		};
		4F220A032F034143007138EF /* Resources */ = {
			isa = PBXResourcesBuildPhase;
			buildActionMask = 2147483647;
			files = (
			);
			runOnlyForDeploymentPostprocessing = 0;
		};
		4F220A132F034144007138EF /* Resources */ = {
			isa = PBXResourcesBuildPhase;
			buildActionMask = 2147483647;
			files = (
			);
			runOnlyForDeploymentPostprocessing = 0;
		};
		4F220A1D2F034144007138EF /* Resources */ = {
			isa = PBXResourcesBuildPhase;
			buildActionMask = 2147483647;
			files = (
			);
			runOnlyForDeploymentPostprocessing = 0;
		};
		4FD718FB2F0E0A89007E22F3 /* Resources */ = {
			isa = PBXResourcesBuildPhase;
			buildActionMask = 2147483647;
			files = (
			);
			runOnlyForDeploymentPostprocessing = 0;
		};
/* End PBXResourcesBuildPhase section */

/* Begin PBXSourcesBuildPhase section */
		4F053B862F087BAD00320FAC /* Sources */ = {
			isa = PBXSourcesBuildPhase;
			buildActionMask = 2147483647;
			files = (
			);
			runOnlyForDeploymentPostprocessing = 0;
		};
		4F220A012F034143007138EF /* Sources */ = {
			isa = PBXSourcesBuildPhase;
			buildActionMask = 2147483647;
			files = (
			);
			runOnlyForDeploymentPostprocessing = 0;
		};
		4F220A112F034144007138EF /* Sources */ = {
			isa = PBXSourcesBuildPhase;
			buildActionMask = 2147483647;
			files = (
			);
			runOnlyForDeploymentPostprocessing = 0;
		};
		4F220A1B2F034144007138EF /* Sources */ = {
			isa = PBXSourcesBuildPhase;
			buildActionMask = 2147483647;
			files = (
			);
			runOnlyForDeploymentPostprocessing = 0;
		};
		4FD718F92F0E0A89007E22F3 /* Sources */ = {
			isa = PBXSourcesBuildPhase;
			buildActionMask = 2147483647;
			files = (
			);
			runOnlyForDeploymentPostprocessing = 0;
		};
/* End PBXSourcesBuildPhase section */

/* Begin PBXTargetDependency section */
		4F053B962F087BAD00320FAC /* PBXTargetDependency */ = {
			isa = PBXTargetDependency;
			target = 4F053B892F087BAD00320FAC /* ShieldConfigurationExtension */;
			targetProxy = 4F053B952F087BAD00320FAC /* PBXContainerItemProxy */;
		};
		4F220A172F034144007138EF /* PBXTargetDependency */ = {
			isa = PBXTargetDependency;
			target = 4F220A042F034143007138EF /* screentime-workout */;
			targetProxy = 4F220A162F034144007138EF /* PBXContainerItemProxy */;
		};
		4F220A212F034144007138EF /* PBXTargetDependency */ = {
			isa = PBXTargetDependency;
			target = 4F220A042F034143007138EF /* screentime-workout */;
			targetProxy = 4F220A202F034144007138EF /* PBXContainerItemProxy */;
		};
		4FD719052F0E0A8A007E22F3 /* PBXTargetDependency */ = {
			isa = PBXTargetDependency;
			target = 4FD718FC2F0E0A89007E22F3 /* DeviceActivityMonitorExtension */;
			targetProxy = 4FD719042F0E0A8A007E22F3 /* PBXContainerItemProxy */;
		};
/* End PBXTargetDependency section */

/* Begin XCBuildConfiguration section */
		4F053B992F087BAD00320FAC /* Debug */ = {
			isa = XCBuildConfiguration;
			buildSettings = {
				CODE_SIGN_ENTITLEMENTS = ShieldConfigurationExtension/ShieldConfigurationExtension.entitlements;
				CODE_SIGN_STYLE = Automatic;
				CURRENT_PROJECT_VERSION = 1;
				DEVELOPMENT_TEAM = VKBS34CF9N;
				GENERATE_INFOPLIST_FILE = YES;
				INFOPLIST_FILE = ShieldConfigurationExtension/Info.plist;
				INFOPLIST_KEY_CFBundleDisplayName = ShieldConfigurationExtension;
				INFOPLIST_KEY_NSHumanReadableCopyright = "";
				IPHONEOS_DEPLOYMENT_TARGET = 17.6;
				LD_RUNPATH_SEARCH_PATHS = (
					"$(inherited)",
					"@executable_path/Frameworks",
					"@executable_path/../../Frameworks",
				);
				MARKETING_VERSION = 1.0.0;
				PRODUCT_BUNDLE_IDENTIFIER = "app.screentime-workout.ShieldConfigurationExtension";
				PRODUCT_NAME = "$(TARGET_NAME)";
				SKIP_INSTALL = YES;
				SWIFT_EMIT_LOC_STRINGS = YES;
				SWIFT_VERSION = 5.0;
				TARGETED_DEVICE_FAMILY = "1,2";
			};
			name = Debug;
		};
		4F053B9A2F087BAD00320FAC /* Release */ = {
			isa = XCBuildConfiguration;
			buildSettings = {
				CODE_SIGN_ENTITLEMENTS = ShieldConfigurationExtension/ShieldConfigurationExtension.entitlements;
				CODE_SIGN_STYLE = Automatic;
				CURRENT_PROJECT_VERSION = 1;
				DEVELOPMENT_TEAM = VKBS34CF9N;
				GENERATE_INFOPLIST_FILE = YES;
				INFOPLIST_FILE = ShieldConfigurationExtension/Info.plist;
				INFOPLIST_KEY_CFBundleDisplayName = ShieldConfigurationExtension;
				INFOPLIST_KEY_NSHumanReadableCopyright = "";
				IPHONEOS_DEPLOYMENT_TARGET = 17.6;
				LD_RUNPATH_SEARCH_PATHS = (
					"$(inherited)",
					"@executable_path/Frameworks",
					"@executable_path/../../Frameworks",
				);
				MARKETING_VERSION = 1.0.0;
				PRODUCT_BUNDLE_IDENTIFIER = "app.screentime-workout.ShieldConfigurationExtension";
				PRODUCT_NAME = "$(TARGET_NAME)";
				SKIP_INSTALL = YES;
				SWIFT_EMIT_LOC_STRINGS = YES;
				SWIFT_VERSION = 5.0;
				TARGETED_DEVICE_FAMILY = "1,2";
			};
			name = Release;
		};
		4F220A272F034144007138EF /* Debug */ = {
			isa = XCBuildConfiguration;
			buildSettings = {
				ALWAYS_SEARCH_USER_PATHS = NO;
				ASSETCATALOG_COMPILER_GENERATE_SWIFT_ASSET_SYMBOL_EXTENSIONS = YES;
				CLANG_ANALYZER_NONNULL = YES;
				CLANG_ANALYZER_NUMBER_OBJECT_CONVERSION = YES_AGGRESSIVE;
				CLANG_CXX_LANGUAGE_STANDARD = "gnu++20";
				CLANG_ENABLE_MODULES = YES;
				CLANG_ENABLE_OBJC_ARC = YES;
				CLANG_ENABLE_OBJC_WEAK = YES;
				CLANG_WARN_BLOCK_CAPTURE_AUTORELEASING = YES;
				CLANG_WARN_BOOL_CONVERSION = YES;
				CLANG_WARN_COMMA = YES;
				CLANG_WARN_CONSTANT_CONVERSION = YES;
				CLANG_WARN_DEPRECATED_OBJC_IMPLEMENTATIONS = YES;
				CLANG_WARN_DIRECT_OBJC_ISA_USAGE = YES_ERROR;
				CLANG_WARN_DOCUMENTATION_COMMENTS = YES;
				CLANG_WARN_EMPTY_BODY = YES;
				CLANG_WARN_ENUM_CONVERSION = YES;
				CLANG_WARN_INFINITE_RECURSION = YES;
				CLANG_WARN_INT_CONVERSION = YES;
				CLANG_WARN_NON_LITERAL_NULL_CONVERSION = YES;
				CLANG_WARN_OBJC_IMPLICIT_RETAIN_SELF = YES;
				CLANG_WARN_OBJC_LITERAL_CONVERSION = YES;
				CLANG_WARN_OBJC_ROOT_CLASS = YES_ERROR;
				CLANG_WARN_QUOTED_INCLUDE_IN_FRAMEWORK_HEADER = YES;
				CLANG_WARN_RANGE_LOOP_ANALYSIS = YES;
				CLANG_WARN_STRICT_PROTOTYPES = YES;
				CLANG_WARN_SUSPICIOUS_MOVE = YES;
				CLANG_WARN_UNGUARDED_AVAILABILITY = YES_AGGRESSIVE;
				CLANG_WARN_UNREACHABLE_CODE = YES;
				CLANG_WARN__DUPLICATE_METHOD_MATCH = YES;
				COPY_PHASE_STRIP = NO;
				DEBUG_INFORMATION_FORMAT = dwarf;
				DEVELOPMENT_TEAM = VKBS34CF9N;
				ENABLE_STRICT_OBJC_MSGSEND = YES;
				ENABLE_TESTABILITY = YES;
				ENABLE_USER_SCRIPT_SANDBOXING = YES;
				GCC_C_LANGUAGE_STANDARD = gnu17;
				GCC_DYNAMIC_NO_PIC = NO;
				GCC_NO_COMMON_BLOCKS = YES;
				GCC_OPTIMIZATION_LEVEL = 0;
				GCC_PREPROCESSOR_DEFINITIONS = (
					"DEBUG=1",
					"$(inherited)",
				);
				GCC_WARN_64_TO_32_BIT_CONVERSION = YES;
				GCC_WARN_ABOUT_RETURN_TYPE = YES_ERROR;
				GCC_WARN_UNDECLARED_SELECTOR = YES;
				GCC_WARN_UNINITIALIZED_AUTOS = YES_AGGRESSIVE;
				GCC_WARN_UNUSED_FUNCTION = YES;
				GCC_WARN_UNUSED_VARIABLE = YES;
				IPHONEOS_DEPLOYMENT_TARGET = 18.2;
				LOCALIZATION_PREFERS_STRING_CATALOGS = YES;
				MTL_ENABLE_DEBUG_INFO = INCLUDE_SOURCE;
				MTL_FAST_MATH = YES;
				ONLY_ACTIVE_ARCH = YES;
				SDKROOT = iphoneos;
				STRING_CATALOG_GENERATE_SYMBOLS = YES;
				SWIFT_ACTIVE_COMPILATION_CONDITIONS = "DEBUG $(inherited)";
				SWIFT_OPTIMIZATION_LEVEL = "-Onone";
			};
			name = Debug;
		};
		4F220A282F034144007138EF /* Release */ = {
			isa = XCBuildConfiguration;
			buildSettings = {
				ALWAYS_SEARCH_USER_PATHS = NO;
				ASSETCATALOG_COMPILER_GENERATE_SWIFT_ASSET_SYMBOL_EXTENSIONS = YES;
				CLANG_ANALYZER_NONNULL = YES;
				CLANG_ANALYZER_NUMBER_OBJECT_CONVERSION = YES_AGGRESSIVE;
				CLANG_CXX_LANGUAGE_STANDARD = "gnu++20";
				CLANG_ENABLE_MODULES = YES;
				CLANG_ENABLE_OBJC_ARC = YES;
				CLANG_ENABLE_OBJC_WEAK = YES;
				CLANG_WARN_BLOCK_CAPTURE_AUTORELEASING = YES;
				CLANG_WARN_BOOL_CONVERSION = YES;
				CLANG_WARN_COMMA = YES;
				CLANG_WARN_CONSTANT_CONVERSION = YES;
				CLANG_WARN_DEPRECATED_OBJC_IMPLEMENTATIONS = YES;
				CLANG_WARN_DIRECT_OBJC_ISA_USAGE = YES_ERROR;
				CLANG_WARN_DOCUMENTATION_COMMENTS = YES;
				CLANG_WARN_EMPTY_BODY = YES;
				CLANG_WARN_ENUM_CONVERSION = YES;
				CLANG_WARN_INFINITE_RECURSION = YES;
				CLANG_WARN_INT_CONVERSION = YES;
				CLANG_WARN_NON_LITERAL_NULL_CONVERSION = YES;
				CLANG_WARN_OBJC_IMPLICIT_RETAIN_SELF = YES;
				CLANG_WARN_OBJC_LITERAL_CONVERSION = YES;
				CLANG_WARN_OBJC_ROOT_CLASS = YES_ERROR;
				CLANG_WARN_QUOTED_INCLUDE_IN_FRAMEWORK_HEADER = YES;
				CLANG_WARN_RANGE_LOOP_ANALYSIS = YES;
				CLANG_WARN_STRICT_PROTOTYPES = YES;
				CLANG_WARN_SUSPICIOUS_MOVE = YES;
				CLANG_WARN_UNGUARDED_AVAILABILITY = YES_AGGRESSIVE;
				CLANG_WARN_UNREACHABLE_CODE = YES;
				CLANG_WARN__DUPLICATE_METHOD_MATCH = YES;
				COPY_PHASE_STRIP = NO;
				DEBUG_INFORMATION_FORMAT = "dwarf-with-dsym";
				DEVELOPMENT_TEAM = VKBS34CF9N;
				ENABLE_NS_ASSERTIONS = NO;
				ENABLE_STRICT_OBJC_MSGSEND = YES;
				ENABLE_USER_SCRIPT_SANDBOXING = YES;
				GCC_C_LANGUAGE_STANDARD = gnu17;
				GCC_NO_COMMON_BLOCKS = YES;
				GCC_WARN_64_TO_32_BIT_CONVERSION = YES;
				GCC_WARN_ABOUT_RETURN_TYPE = YES_ERROR;
				GCC_WARN_UNDECLARED_SELECTOR = YES;
				GCC_WARN_UNINITIALIZED_AUTOS = YES_AGGRESSIVE;
				GCC_WARN_UNUSED_FUNCTION = YES;
				GCC_WARN_UNUSED_VARIABLE = YES;
				IPHONEOS_DEPLOYMENT_TARGET = 18.2;
				LOCALIZATION_PREFERS_STRING_CATALOGS = YES;
				MTL_ENABLE_DEBUG_INFO = NO;
				MTL_FAST_MATH = YES;
				SDKROOT = iphoneos;
				STRING_CATALOG_GENERATE_SYMBOLS = YES;
				SWIFT_COMPILATION_MODE = wholemodule;
				VALIDATE_PRODUCT = YES;
			};
			name = Release;
		};
		4F220A2A2F034144007138EF /* Debug */ = {
			isa = XCBuildConfiguration;
			buildSettings = {
				ASSETCATALOG_COMPILER_APPICON_NAME = AppIcon;
				ASSETCATALOG_COMPILER_GLOBAL_ACCENT_COLOR_NAME = AccentColor;
				CODE_SIGN_ALLOW_ENTITLEMENTS_MODIFICATION = YES;
				CODE_SIGN_ENTITLEMENTS = "screentime-workout/screentime-workout.entitlements";
				CODE_SIGN_STYLE = Automatic;
				CURRENT_PROJECT_VERSION = 1;
				DEVELOPMENT_ASSET_PATHS = "\"screentime-workout/Preview Content\"";
				ENABLE_PREVIEWS = YES;
				GENERATE_INFOPLIST_FILE = YES;
				INFOPLIST_FILE = "screentime-workout/Info.plist";
				INFOPLIST_KEY_CFBundleDisplayName = ScreenBlock;
				INFOPLIST_KEY_LSApplicationCategoryType = "public.app-category.productivity";
				INFOPLIST_KEY_NSCameraUsageDescription = "Camera access is needed to track your exercises using pose detection.";
				INFOPLIST_KEY_UIApplicationSceneManifest_Generation = YES;
				INFOPLIST_KEY_UIApplicationSupportsIndirectInputEvents = YES;
				INFOPLIST_KEY_UILaunchScreen_Generation = YES;
				INFOPLIST_KEY_UISupportedInterfaceOrientations = "UIInterfaceOrientationPortrait UIInterfaceOrientationPortraitUpsideDown";
				INFOPLIST_KEY_UISupportedInterfaceOrientations_iPad = "UIInterfaceOrientationLandscapeLeft UIInterfaceOrientationLandscapeRight UIInterfaceOrientationPortrait UIInterfaceOrientationPortraitUpsideDown";
				IPHONEOS_DEPLOYMENT_TARGET = 17.6;
				LD_RUNPATH_SEARCH_PATHS = (
					"$(inherited)",
					"@executable_path/Frameworks",
				);
				MARKETING_VERSION = 1.0.0;
				PRODUCT_BUNDLE_IDENTIFIER = "app.screentime-workout";
				PRODUCT_NAME = "$(TARGET_NAME)";
				SUPPORTED_PLATFORMS = "iphoneos iphonesimulator";
				SUPPORTS_MACCATALYST = NO;
				SUPPORTS_MAC_DESIGNED_FOR_IPHONE_IPAD = NO;
				SUPPORTS_XR_DESIGNED_FOR_IPHONE_IPAD = NO;
				SWIFT_EMIT_LOC_STRINGS = YES;
				SWIFT_VERSION = 5.0;
				TARGETED_DEVICE_FAMILY = 1;
			};
			name = Debug;
		};
		4F220A2B2F034144007138EF /* Release */ = {
			isa = XCBuildConfiguration;
			buildSettings = {
				ASSETCATALOG_COMPILER_APPICON_NAME = AppIcon;
				ASSETCATALOG_COMPILER_GLOBAL_ACCENT_COLOR_NAME = AccentColor;
				CODE_SIGN_ALLOW_ENTITLEMENTS_MODIFICATION = YES;
				CODE_SIGN_ENTITLEMENTS = "screentime-workout/screentime-workout.entitlements";
				CODE_SIGN_STYLE = Automatic;
				CURRENT_PROJECT_VERSION = 1;
				DEVELOPMENT_ASSET_PATHS = "\"screentime-workout/Preview Content\"";
				ENABLE_PREVIEWS = YES;
				GENERATE_INFOPLIST_FILE = YES;
				INFOPLIST_FILE = "screentime-workout/Info.plist";
				INFOPLIST_KEY_CFBundleDisplayName = ScreenBlock;
				INFOPLIST_KEY_LSApplicationCategoryType = "public.app-category.productivity";
				INFOPLIST_KEY_NSCameraUsageDescription = "Camera access is needed to track your exercises using pose detection.";
				INFOPLIST_KEY_UIApplicationSceneManifest_Generation = YES;
				INFOPLIST_KEY_UIApplicationSupportsIndirectInputEvents = YES;
				INFOPLIST_KEY_UILaunchScreen_Generation = YES;
				INFOPLIST_KEY_UISupportedInterfaceOrientations = "UIInterfaceOrientationPortrait UIInterfaceOrientationPortraitUpsideDown";
				INFOPLIST_KEY_UISupportedInterfaceOrientations_iPad = "UIInterfaceOrientationLandscapeLeft UIInterfaceOrientationLandscapeRight UIInterfaceOrientationPortrait UIInterfaceOrientationPortraitUpsideDown";
				IPHONEOS_DEPLOYMENT_TARGET = 17.6;
				LD_RUNPATH_SEARCH_PATHS = (
					"$(inherited)",
					"@executable_path/Frameworks",
				);
				MARKETING_VERSION = 1.0.0;
				PRODUCT_BUNDLE_IDENTIFIER = "app.screentime-workout";
				PRODUCT_NAME = "$(TARGET_NAME)";
				SUPPORTED_PLATFORMS = "iphoneos iphonesimulator";
				SUPPORTS_MACCATALYST = NO;
				SUPPORTS_MAC_DESIGNED_FOR_IPHONE_IPAD = NO;
				SUPPORTS_XR_DESIGNED_FOR_IPHONE_IPAD = NO;
				SWIFT_EMIT_LOC_STRINGS = YES;
				SWIFT_VERSION = 5.0;
				TARGETED_DEVICE_FAMILY = 1;
			};
			name = Release;
		};
		4F220A2D2F034144007138EF /* Debug */ = {
			isa = XCBuildConfiguration;
			buildSettings = {
				BUNDLE_LOADER = "$(TEST_HOST)";
				CODE_SIGN_STYLE = Automatic;
				CURRENT_PROJECT_VERSION = 1;
				GENERATE_INFOPLIST_FILE = YES;
				IPHONEOS_DEPLOYMENT_TARGET = 18.2;
				MARKETING_VERSION = 1.0;
				PRODUCT_BUNDLE_IDENTIFIER = "app.screentime-workoutTests";
				PRODUCT_NAME = "$(TARGET_NAME)";
				SWIFT_EMIT_LOC_STRINGS = NO;
				SWIFT_VERSION = 5.0;
				TARGETED_DEVICE_FAMILY = "1,2";
				TEST_HOST = "$(BUILT_PRODUCTS_DIR)/screentime-workout.app/$(BUNDLE_EXECUTABLE_FOLDER_PATH)/screentime-workout";
			};
			name = Debug;
		};
		4F220A2E2F034144007138EF /* Release */ = {
			isa = XCBuildConfiguration;
			buildSettings = {
				BUNDLE_LOADER = "$(TEST_HOST)";
				CODE_SIGN_STYLE = Automatic;
				CURRENT_PROJECT_VERSION = 1;
				GENERATE_INFOPLIST_FILE = YES;
				IPHONEOS_DEPLOYMENT_TARGET = 18.2;
				MARKETING_VERSION = 1.0;
				PRODUCT_BUNDLE_IDENTIFIER = "app.screentime-workoutTests";
				PRODUCT_NAME = "$(TARGET_NAME)";
				SWIFT_EMIT_LOC_STRINGS = NO;
				SWIFT_VERSION = 5.0;
				TARGETED_DEVICE_FAMILY = "1,2";
				TEST_HOST = "$(BUILT_PRODUCTS_DIR)/screentime-workout.app/$(BUNDLE_EXECUTABLE_FOLDER_PATH)/screentime-workout";
			};
			name = Release;
		};
		4F220A302F034144007138EF /* Debug */ = {
			isa = XCBuildConfiguration;
			buildSettings = {
				CODE_SIGN_STYLE = Automatic;
				CURRENT_PROJECT_VERSION = 1;
				GENERATE_INFOPLIST_FILE = YES;
				MARKETING_VERSION = 1.0;
				PRODUCT_BUNDLE_IDENTIFIER = "app.screentime-workoutUITests";
				PRODUCT_NAME = "$(TARGET_NAME)";
				SWIFT_EMIT_LOC_STRINGS = NO;
				SWIFT_VERSION = 5.0;
				TARGETED_DEVICE_FAMILY = "1,2";
				TEST_TARGET_NAME = "screentime-workout";
			};
			name = Debug;
		};
		4F220A312F034144007138EF /* Release */ = {
			isa = XCBuildConfiguration;
			buildSettings = {
				CODE_SIGN_STYLE = Automatic;
				CURRENT_PROJECT_VERSION = 1;
				GENERATE_INFOPLIST_FILE = YES;
				MARKETING_VERSION = 1.0;
				PRODUCT_BUNDLE_IDENTIFIER = "app.screentime-workoutUITests";
				PRODUCT_NAME = "$(TARGET_NAME)";
				SWIFT_EMIT_LOC_STRINGS = NO;
				SWIFT_VERSION = 5.0;
				TARGETED_DEVICE_FAMILY = "1,2";
				TEST_TARGET_NAME = "screentime-workout";
			};
			name = Release;
		};
		4FD719082F0E0A8A007E22F3 /* Debug */ = {
			isa = XCBuildConfiguration;
			buildSettings = {
				CODE_SIGN_ENTITLEMENTS = DeviceActivityMonitorExtension/DeviceActivityMonitorExtension.entitlements;
				CODE_SIGN_STYLE = Automatic;
				CURRENT_PROJECT_VERSION = 1;
				DEVELOPMENT_TEAM = VKBS34CF9N;
				GENERATE_INFOPLIST_FILE = YES;
				INFOPLIST_FILE = DeviceActivityMonitorExtension/Info.plist;
				INFOPLIST_KEY_CFBundleDisplayName = DeviceActivityMonitorExtension;
				INFOPLIST_KEY_NSHumanReadableCopyright = "";
				IPHONEOS_DEPLOYMENT_TARGET = 17.6;
				LD_RUNPATH_SEARCH_PATHS = (
					"$(inherited)",
					"@executable_path/Frameworks",
					"@executable_path/../../Frameworks",
				);
				MARKETING_VERSION = 1.0.0;
				PRODUCT_BUNDLE_IDENTIFIER = "app.screentime-workout.DeviceActivityMonitorExtension";
				PRODUCT_NAME = "$(TARGET_NAME)";
				SKIP_INSTALL = YES;
				STRING_CATALOG_GENERATE_SYMBOLS = YES;
				SWIFT_APPROACHABLE_CONCURRENCY = YES;
				SWIFT_EMIT_LOC_STRINGS = YES;
				SWIFT_UPCOMING_FEATURE_MEMBER_IMPORT_VISIBILITY = YES;
				SWIFT_VERSION = 5.0;
				TARGETED_DEVICE_FAMILY = "1,2";
			};
			name = Debug;
		};
		4FD719092F0E0A8A007E22F3 /* Release */ = {
			isa = XCBuildConfiguration;
			buildSettings = {
				CODE_SIGN_ENTITLEMENTS = DeviceActivityMonitorExtension/DeviceActivityMonitorExtension.entitlements;
				CODE_SIGN_STYLE = Automatic;
				CURRENT_PROJECT_VERSION = 1;
				DEVELOPMENT_TEAM = VKBS34CF9N;
				GENERATE_INFOPLIST_FILE = YES;
				INFOPLIST_FILE = DeviceActivityMonitorExtension/Info.plist;
				INFOPLIST_KEY_CFBundleDisplayName = DeviceActivityMonitorExtension;
				INFOPLIST_KEY_NSHumanReadableCopyright = "";
				IPHONEOS_DEPLOYMENT_TARGET = 17.6;
				LD_RUNPATH_SEARCH_PATHS = (
					"$(inherited)",
					"@executable_path/Frameworks",
					"@executable_path/../../Frameworks",
				);
				MARKETING_VERSION = 1.0.0;
				PRODUCT_BUNDLE_IDENTIFIER = "app.screentime-workout.DeviceActivityMonitorExtension";
				PRODUCT_NAME = "$(TARGET_NAME)";
				SKIP_INSTALL = YES;
				STRING_CATALOG_GENERATE_SYMBOLS = YES;
				SWIFT_APPROACHABLE_CONCURRENCY = YES;
				SWIFT_EMIT_LOC_STRINGS = YES;
				SWIFT_UPCOMING_FEATURE_MEMBER_IMPORT_VISIBILITY = YES;
				SWIFT_VERSION = 5.0;
				TARGETED_DEVICE_FAMILY = "1,2";
			};
			name = Release;
		};
/* End XCBuildConfiguration section */

/* Begin XCConfigurationList section */
		4F053B982F087BAD00320FAC /* Build configuration list for PBXNativeTarget "ShieldConfigurationExtension" */ = {
			isa = XCConfigurationList;
			buildConfigurations = (
				4F053B992F087BAD00320FAC /* Debug */,
				4F053B9A2F087BAD00320FAC /* Release */,
			);
			defaultConfigurationIsVisible = 0;
			defaultConfigurationName = Release;
		};
		4F220A002F034143007138EF /* Build configuration list for PBXProject "screentime-workout" */ = {
			isa = XCConfigurationList;
			buildConfigurations = (
				4F220A272F034144007138EF /* Debug */,
				4F220A282F034144007138EF /* Release */,
			);
			defaultConfigurationIsVisible = 0;
			defaultConfigurationName = Release;
		};
		4F220A292F034144007138EF /* Build configuration list for PBXNativeTarget "screentime-workout" */ = {
			isa = XCConfigurationList;
			buildConfigurations = (
				4F220A2A2F034144007138EF /* Debug */,
				4F220A2B2F034144007138EF /* Release */,
			);
			defaultConfigurationIsVisible = 0;
			defaultConfigurationName = Release;
		};
		4F220A2C2F034144007138EF /* Build configuration list for PBXNativeTarget "screentime-workoutTests" */ = {
			isa = XCConfigurationList;
			buildConfigurations = (
				4F220A2D2F034144007138EF /* Debug */,
				4F220A2E2F034144007138EF /* Release */,
			);
			defaultConfigurationIsVisible = 0;
			defaultConfigurationName = Release;
		};
		4F220A2F2F034144007138EF /* Build configuration list for PBXNativeTarget "screentime-workoutUITests" */ = {
			isa = XCConfigurationList;
			buildConfigurations = (
				4F220A302F034144007138EF /* Debug */,
				4F220A312F034144007138EF /* Release */,
			);
			defaultConfigurationIsVisible = 0;
			defaultConfigurationName = Release;
		};
		4FD719072F0E0A8A007E22F3 /* Build configuration list for PBXNativeTarget "DeviceActivityMonitorExtension" */ = {
			isa = XCConfigurationList;
			buildConfigurations = (
				4FD719082F0E0A8A007E22F3 /* Debug */,
				4FD719092F0E0A8A007E22F3 /* Release */,
			);
			defaultConfigurationIsVisible = 0;
			defaultConfigurationName = Release;
		};
/* End XCConfigurationList section */

/* Begin XCRemoteSwiftPackageReference section */
		4F053B9D2F08A07000320FAC /* XCRemoteSwiftPackageReference "Superwall-iOS" */ = {
			isa = XCRemoteSwiftPackageReference;
			repositoryURL = "https://github.com/superwall/Superwall-iOS";
			requirement = {
				kind = upToNextMajorVersion;
				minimumVersion = 4.11.2;
			};
		};
		4F220BFB2F046CA4007138EF /* XCRemoteSwiftPackageReference "firebase-ios-sdk" */ = {
			isa = XCRemoteSwiftPackageReference;
			repositoryURL = "https://github.com/firebase/firebase-ios-sdk.git";
			requirement = {
				kind = upToNextMajorVersion;
				minimumVersion = 12.7.0;
			};
		};
		4F220C102F048ADE007138EF /* XCRemoteSwiftPackageReference "GoogleSignIn-iOS" */ = {
			isa = XCRemoteSwiftPackageReference;
			repositoryURL = "https://github.com/google/GoogleSignIn-iOS.git";
			requirement = {
				kind = upToNextMajorVersion;
				minimumVersion = 9.0.0;
			};
		};
		4FEB02742F0C9A880086A923 /* XCRemoteSwiftPackageReference "posthog-ios" */ = {
			isa = XCRemoteSwiftPackageReference;
			repositoryURL = "https://github.com/PostHog/posthog-ios.git";
			requirement = {
				kind = upToNextMajorVersion;
				minimumVersion = 3.37.0;
			};
		};
/* End XCRemoteSwiftPackageReference section */

/* Begin XCSwiftPackageProductDependency section */
		4F053B9E2F08A07000320FAC /* SuperwallKit */ = {
			isa = XCSwiftPackageProductDependency;
			package = 4F053B9D2F08A07000320FAC /* XCRemoteSwiftPackageReference "Superwall-iOS" */;
			productName = SuperwallKit;
		};
		4F220BFC2F0473D8007138EF /* FirebaseAnalytics */ = {
			isa = XCSwiftPackageProductDependency;
			package = 4F220BFB2F046CA4007138EF /* XCRemoteSwiftPackageReference "firebase-ios-sdk" */;
			productName = FirebaseAnalytics;
		};
		4F220BFE2F0473D8007138EF /* FirebaseAuth */ = {
			isa = XCSwiftPackageProductDependency;
			package = 4F220BFB2F046CA4007138EF /* XCRemoteSwiftPackageReference "firebase-ios-sdk" */;
			productName = FirebaseAuth;
		};
		4F220C022F0473D8007138EF /* FirebaseDatabase */ = {
			isa = XCSwiftPackageProductDependency;
			package = 4F220BFB2F046CA4007138EF /* XCRemoteSwiftPackageReference "firebase-ios-sdk" */;
			productName = FirebaseDatabase;
		};
		4F220C042F0473D8007138EF /* FirebaseFirestore */ = {
			isa = XCSwiftPackageProductDependency;
			package = 4F220BFB2F046CA4007138EF /* XCRemoteSwiftPackageReference "firebase-ios-sdk" */;
			productName = FirebaseFirestore;
		};
		4F220C062F0473D8007138EF /* FirebaseInAppMessaging-Beta */ = {
			isa = XCSwiftPackageProductDependency;
			package = 4F220BFB2F046CA4007138EF /* XCRemoteSwiftPackageReference "firebase-ios-sdk" */;
			productName = "FirebaseInAppMessaging-Beta";
		};
		4F220C082F0473D8007138EF /* FirebaseMessaging */ = {
			isa = XCSwiftPackageProductDependency;
			package = 4F220BFB2F046CA4007138EF /* XCRemoteSwiftPackageReference "firebase-ios-sdk" */;
			productName = FirebaseMessaging;
		};
		4F220C112F048ADE007138EF /* GoogleSignIn */ = {
			isa = XCSwiftPackageProductDependency;
			package = 4F220C102F048ADE007138EF /* XCRemoteSwiftPackageReference "GoogleSignIn-iOS" */;
			productName = GoogleSignIn;
		};
		4FEB02752F0C9A880086A923 /* PostHog */ = {
			isa = XCSwiftPackageProductDependency;
			package = 4FEB02742F0C9A880086A923 /* XCRemoteSwiftPackageReference "posthog-ios" */;
			productName = PostHog;
		};
/* End XCSwiftPackageProductDependency section */
	};
	rootObject = 4F2209FD2F034143007138EF /* Project object */;
}
